
Microsoft Visual Studio Solution File, Format Version 12.00
# Visual Studio Version 16
VisualStudioVersion = 16.0.809.10
MinimumVisualStudioVersion = 10.0.40219.1
Project("{FAE04EC0-301F-11D3-BF4B-00C04F79EFBC}") = "Canvas", "Canvas\Canvas.csproj", "{19C5D4C0-AFD9-46DE-A009-3F8D0C72EAEB}"
EndProject
Global
	GlobalSection(SolutionConfigurationPlatforms) = preSolution
		Debug|Any CPU = Debug|Any CPU
		Release|Any CPU = Release|Any CPU
	EndGlobalSection
	GlobalSection(ProjectConfigurationPlatforms) = postSolution
		{19C5D4C0-AFD9-46DE-A009-3F8D0C72EAEB}.Debug|Any CPU.ActiveCfg = Debug|Any CPU
		{19C5D4C0-AFD9-46DE-A009-3F8D0C72EAEB}.Debug|Any CPU.Build.0 = Debug|Any CPU
		{19C5D4C0-AFD9-46DE-A009-3F8D0C72EAEB}.Release|Any CPU.ActiveCfg = Release|Any CPU
		{19C5D4C0-AFD9-46DE-A009-3F8D0C72EAEB}.Release|Any CPU.Build.0 = Release|Any CPU
	EndGlobalSection
	GlobalSection(SolutionProperties) = preSolution
		HideSolutionNode = FALSE
	EndGlobalSection
	GlobalSection(ExtensibilityGlobals) = postSolution
		SolutionGuid = {5A066762-FF51-465D-992B-7627FEC5F29A}
	EndGlobalSection
EndGlobal
